
Microsoft Visual Studio Solution File, Format Version 12.00
# Visual Studio Version 16
VisualStudioVersion = 16.0.31402.337
MinimumVisualStudioVersion = 10.0.40219.1
Project("{FAE04EC0-301F-11D3-BF4B-00C04F79EFBC}") = "QRScanAppService", "QRScanAppService.csproj", "{F87B7906-F2ED-456E-9B17-B85191A5DBD8}"
EndProject
Global
	GlobalSection(SolutionConfigurationPlatforms) = preSolution
		Debug|Any CPU = Debug|Any CPU
		Release|Any CPU = Release|Any CPU
	EndGlobalSection
	GlobalSection(ProjectConfigurationPlatforms) = postSolution
		{F87B7906-F2ED-456E-9B17-B85191A5DBD8}.Debug|Any CPU.ActiveCfg = Debug|Any CPU
		{F87B7906-F2ED-456E-9B17-B85191A5DBD8}.Debug|Any CPU.Build.0 = Debug|Any CPU
		{F87B7906-F2ED-456E-9B17-B85191A5DBD8}.Release|Any CPU.ActiveCfg = Release|Any CPU
		{F87B7906-F2ED-456E-9B17-B85191A5DBD8}.Release|Any CPU.Build.0 = Release|Any CPU
	EndGlobalSection
	GlobalSection(SolutionProperties) = preSolution
		HideSolutionNode = FALSE
	EndGlobalSection
	GlobalSection(ExtensibilityGlobals) = postSolution
		SolutionGuid = {368C19A5-B56D-4A7F-AC5F-1FE0EB067D59}
	EndGlobalSection
EndGlobal
