
Microsoft Visual Studio Solution File, Format Version 12.00
# Visual Studio Version 16
VisualStudioVersion = 16.0.31911.196
MinimumVisualStudioVersion = 10.0.40219.1
Project("{FAE04EC0-301F-11D3-BF4B-00C04F79EFBC}") = "OnlineTest", "OnlineTest\OnlineTest.csproj", "{69D80382-FB99-4A63-8A27-1C467DC23103}"
EndProject
Global
	GlobalSection(SolutionConfigurationPlatforms) = preSolution
		Debug|Any CPU = Debug|Any CPU
		Release|Any CPU = Release|Any CPU
	EndGlobalSection
	GlobalSection(ProjectConfigurationPlatforms) = postSolution
		{69D80382-FB99-4A63-8A27-1C467DC23103}.Debug|Any CPU.ActiveCfg = Debug|Any CPU
		{69D80382-FB99-4A63-8A27-1C467DC23103}.Debug|Any CPU.Build.0 = Debug|Any CPU
		{69D80382-FB99-4A63-8A27-1C467DC23103}.Release|Any CPU.ActiveCfg = Release|Any CPU
		{69D80382-FB99-4A63-8A27-1C467DC23103}.Release|Any CPU.Build.0 = Release|Any CPU
	EndGlobalSection
	GlobalSection(SolutionProperties) = preSolution
		HideSolutionNode = FALSE
	EndGlobalSection
	GlobalSection(ExtensibilityGlobals) = postSolution
		SolutionGuid = {8A417E1F-EF67-40C6-973F-82F9252E6C35}
	EndGlobalSection
EndGlobal
