
Microsoft Visual Studio Solution File, Format Version 12.00
# Visual Studio 15
VisualStudioVersion = 15.0.28307.757
MinimumVisualStudioVersion = 10.0.40219.1
Project("{FAE04EC0-301F-11D3-BF4B-00C04F79EFBC}") = "Webservice", "Webservice\Webservice.csproj", "{BC512ED2-7EFC-4F2D-93ED-F0A3BA70F327}"
EndProject
Global
	GlobalSection(SolutionConfigurationPlatforms) = preSolution
		Debug|Any CPU = Debug|Any CPU
		Release|Any CPU = Release|Any CPU
	EndGlobalSection
	GlobalSection(ProjectConfigurationPlatforms) = postSolution
		{BC512ED2-7EFC-4F2D-93ED-F0A3BA70F327}.Debug|Any CPU.ActiveCfg = Debug|Any CPU
		{BC512ED2-7EFC-4F2D-93ED-F0A3BA70F327}.Debug|Any CPU.Build.0 = Debug|Any CPU
		{BC512ED2-7EFC-4F2D-93ED-F0A3BA70F327}.Release|Any CPU.ActiveCfg = Release|Any CPU
		{BC512ED2-7EFC-4F2D-93ED-F0A3BA70F327}.Release|Any CPU.Build.0 = Release|Any CPU
	EndGlobalSection
	GlobalSection(SolutionProperties) = preSolution
		HideSolutionNode = FALSE
	EndGlobalSection
	GlobalSection(ExtensibilityGlobals) = postSolution
		SolutionGuid = {B11543D9-D5AD-4542-A182-30E579CCFC06}
	EndGlobalSection
EndGlobal
